// !$*UTF8*$!
{
	archiveVersion = 1;
	classes = {
	};
	objectVersion = 46;
	objects = {

/* Begin PBXBuildFile section */
		951E473515E69FD800A93798 /* MK61x57x57.png in Resources */ = {isa = PBXBuildFile; fileRef = 951E473415E69FD800A93798 /* MK61x57x57.png */; };
		951E473715E69FE600A93798 /* MK61x114x114.png in Resources */ = {isa = PBXBuildFile; fileRef = 951E473615E69FE600A93798 /* MK61x114x114.png */; };
		9558EF3714DEBF80002D1E05 /* UIKit.framework in Frameworks */ = {isa = PBXBuildFile; fileRef = 9558EF3614DEBF80002D1E05 /* UIKit.framework */; };
		9558EF3914DEBF80002D1E05 /* Foundation.framework in Frameworks */ = {isa = PBXBuildFile; fileRef = 9558EF3814DEBF80002D1E05 /* Foundation.framework */; };
		9558EF3B14DEBF80002D1E05 /* CoreGraphics.framework in Frameworks */ = {isa = PBXBuildFile; fileRef = 9558EF3A14DEBF80002D1E05 /* CoreGraphics.framework */; };
		9558EF4114DEBF80002D1E05 /* InfoPlist.strings in Resources */ = {isa = PBXBuildFile; fileRef = 9558EF3F14DEBF80002D1E05 /* InfoPlist.strings */; };
		9558EF4314DEBF80002D1E05 /* main.m in Sources */ = {isa = PBXBuildFile; fileRef = 9558EF4214DEBF80002D1E05 /* main.m */; };
		9558EF4714DEBF80002D1E05 /* MK61AppDelegate.m in Sources */ = {isa = PBXBuildFile; fileRef = 9558EF4614DEBF80002D1E05 /* MK61AppDelegate.m */; };
		9558EF4A14DEBF80002D1E05 /* MainStoryboard.storyboard in Resources */ = {isa = PBXBuildFile; fileRef = 9558EF4814DEBF80002D1E05 /* MainStoryboard.storyboard */; };
		9558EF4D14DEBF80002D1E05 /* MK61ViewController.m in Sources */ = {isa = PBXBuildFile; fileRef = 9558EF4C14DEBF80002D1E05 /* MK61ViewController.m */; };
		958897A515E28EA4006A5000 /* MK61StackItem.m in Sources */ = {isa = PBXBuildFile; fileRef = 958897A415E28EA4006A5000 /* MK61StackItem.m */; };
		95BB188815D83C5B00A7FB71 /* Mk61Brain.m in Sources */ = {isa = PBXBuildFile; fileRef = 95BB188715D83C5B00A7FB71 /* Mk61Brain.m */; };
/* End PBXBuildFile section */

/* Begin PBXFileReference section */
		951E473415E69FD800A93798 /* MK61x57x57.png */ = {isa = PBXFileReference; lastKnownFileType = image.png; path = MK61x57x57.png; sourceTree = "<group>"; };
		951E473615E69FE600A93798 /* MK61x114x114.png */ = {isa = PBXFileReference; lastKnownFileType = image.png; path = MK61x114x114.png; sourceTree = "<group>"; };
		9558EF3214DEBF80002D1E05 /* MK61.app */ = {isa = PBXFileReference; explicitFileType = wrapper.application; includeInIndex = 0; path = MK61.app; sourceTree = BUILT_PRODUCTS_DIR; };
		9558EF3614DEBF80002D1E05 /* UIKit.framework */ = {isa = PBXFileReference; lastKnownFileType = wrapper.framework; name = UIKit.framework; path = System/Library/Frameworks/UIKit.framework; sourceTree = SDKROOT; };
		9558EF3814DEBF80002D1E05 /* Foundation.framework */ = {isa = PBXFileReference; lastKnownFileType = wrapper.framework; name = Foundation.framework; path = System/Library/Frameworks/Foundation.framework; sourceTree = SDKROOT; };
		9558EF3A14DEBF80002D1E05 /* CoreGraphics.framework */ = {isa = PBXFileReference; lastKnownFileType = wrapper.framework; name = CoreGraphics.framework; path = System/Library/Frameworks/CoreGraphics.framework; sourceTree = SDKROOT; };
		9558EF3E14DEBF80002D1E05 /* MK61-Info.plist */ = {isa = PBXFileReference; lastKnownFileType = text.plist.xml; path = "MK61-Info.plist"; sourceTree = "<group>"; };
		9558EF4014DEBF80002D1E05 /* en */ = {isa = PBXFileReference; lastKnownFileType = text.plist.strings; name = en; path = en.lproj/InfoPlist.strings; sourceTree = "<group>"; };
		9558EF4214DEBF80002D1E05 /* main.m */ = {isa = PBXFileReference; lastKnownFileType = sourcecode.c.objc; path = main.m; sourceTree = "<group>"; };
		9558EF4414DEBF80002D1E05 /* MK61-Prefix.pch */ = {isa = PBXFileReference; lastKnownFileType = sourcecode.c.h; path = "MK61-Prefix.pch"; sourceTree = "<group>"; };
		9558EF4514DEBF80002D1E05 /* MK61AppDelegate.h */ = {isa = PBXFileReference; lastKnownFileType = sourcecode.c.h; path = MK61AppDelegate.h; sourceTree = "<group>"; };
		9558EF4614DEBF80002D1E05 /* MK61AppDelegate.m */ = {isa = PBXFileReference; lastKnownFileType = sourcecode.c.objc; path = MK61AppDelegate.m; sourceTree = "<group>"; };
		9558EF4914DEBF80002D1E05 /* en */ = {isa = PBXFileReference; lastKnownFileType = file.storyboard; name = en; path = en.lproj/MainStoryboard.storyboard; sourceTree = "<group>"; };
		9558EF4B14DEBF80002D1E05 /* MK61ViewController.h */ = {isa = PBXFileReference; lastKnownFileType = sourcecode.c.h; path = MK61ViewController.h; sourceTree = "<group>"; };
		9558EF4C14DEBF80002D1E05 /* MK61ViewController.m */ = {isa = PBXFileReference; lastKnownFileType = sourcecode.c.objc; path = MK61ViewController.m; sourceTree = "<group>"; };
		958897A315E28EA4006A5000 /* MK61StackItem.h */ = {isa = PBXFileReference; fileEncoding = 4; lastKnownFileType = sourcecode.c.h; path = MK61StackItem.h; sourceTree = SOURCE_ROOT; };
		958897A415E28EA4006A5000 /* MK61StackItem.m */ = {isa = PBXFileReference; fileEncoding = 4; lastKnownFileType = sourcecode.c.objc; path = MK61StackItem.m; sourceTree = SOURCE_ROOT; };
		95BB185815D83ABD00A7FB71 /* AppKit.framework */ = {isa = PBXFileReference; lastKnownFileType = wrapper.framework; name = AppKit.framework; path = Library/Frameworks/AppKit.framework; sourceTree = SDKROOT; };
		95BB185915D83ABD00A7FB71 /* CoreData.framework */ = {isa = PBXFileReference; lastKnownFileType = wrapper.framework; name = CoreData.framework; path = Library/Frameworks/CoreData.framework; sourceTree = SDKROOT; };
		95BB185A15D83ABD00A7FB71 /* Foundation.framework */ = {isa = PBXFileReference; lastKnownFileType = wrapper.framework; name = Foundation.framework; path = Library/Frameworks/Foundation.framework; sourceTree = SDKROOT; };
		95BB188615D83C5B00A7FB71 /* Mk61Brain.h */ = {isa = PBXFileReference; fileEncoding = 4; lastKnownFileType = sourcecode.c.h; path = Mk61Brain.h; sourceTree = SOURCE_ROOT; };
		95BB188715D83C5B00A7FB71 /* Mk61Brain.m */ = {isa = PBXFileReference; fileEncoding = 4; lastKnownFileType = sourcecode.c.objc; path = Mk61Brain.m; sourceTree = SOURCE_ROOT; };
		95E92AC515EAAA9800624B3B /* MK61.entitlements */ = {isa = PBXFileReference; lastKnownFileType = text.xml; path = MK61.entitlements; sourceTree = "<group>"; };
/* End PBXFileReference section */

/* Begin PBXFrameworksBuildPhase section */
		9558EF2F14DEBF80002D1E05 /* Frameworks */ = {
			isa = PBXFrameworksBuildPhase;
			buildActionMask = 2147483647;
			files = (
				9558EF3714DEBF80002D1E05 /* UIKit.framework in Frameworks */,
				9558EF3914DEBF80002D1E05 /* Foundation.framework in Frameworks */,
				9558EF3B14DEBF80002D1E05 /* CoreGraphics.framework in Frameworks */,
			);
			runOnlyForDeploymentPostprocessing = 0;
		};
/* End PBXFrameworksBuildPhase section */

/* Begin PBXGroup section */
		9558EF2714DEBF7F002D1E05 = {
			isa = PBXGroup;
			children = (
				951E473615E69FE600A93798 /* MK61x114x114.png */,
				951E473415E69FD800A93798 /* MK61x57x57.png */,
				9558EF3C14DEBF80002D1E05 /* MK61 */,
				9558EF3514DEBF80002D1E05 /* Frameworks */,
				9558EF3314DEBF80002D1E05 /* Products */,
			);
			sourceTree = "<group>";
		};
		9558EF3314DEBF80002D1E05 /* Products */ = {
			isa = PBXGroup;
			children = (
				9558EF3214DEBF80002D1E05 /* MK61.app */,
			);
			name = Products;
			sourceTree = "<group>";
		};
		9558EF3514DEBF80002D1E05 /* Frameworks */ = {
			isa = PBXGroup;
			children = (
				9558EF3614DEBF80002D1E05 /* UIKit.framework */,
				9558EF3814DEBF80002D1E05 /* Foundation.framework */,
				9558EF3A14DEBF80002D1E05 /* CoreGraphics.framework */,
				95BB185715D83ABD00A7FB71 /* Other Frameworks */,
			);
			name = Frameworks;
			sourceTree = "<group>";
		};
		9558EF3C14DEBF80002D1E05 /* MK61 */ = {
			isa = PBXGroup;
			children = (
				95E92AC515EAAA9800624B3B /* MK61.entitlements */,
				95BB188615D83C5B00A7FB71 /* Mk61Brain.h */,
				95BB188715D83C5B00A7FB71 /* Mk61Brain.m */,
				9558EF4514DEBF80002D1E05 /* MK61AppDelegate.h */,
				9558EF4614DEBF80002D1E05 /* MK61AppDelegate.m */,
				9558EF4814DEBF80002D1E05 /* MainStoryboard.storyboard */,
				9558EF4B14DEBF80002D1E05 /* MK61ViewController.h */,
				9558EF4C14DEBF80002D1E05 /* MK61ViewController.m */,
				9558EF3D14DEBF80002D1E05 /* Supporting Files */,
				958897A315E28EA4006A5000 /* MK61StackItem.h */,
				958897A415E28EA4006A5000 /* MK61StackItem.m */,
			);
			path = MK61;
			sourceTree = "<group>";
		};
		9558EF3D14DEBF80002D1E05 /* Supporting Files */ = {
			isa = PBXGroup;
			children = (
				9558EF3E14DEBF80002D1E05 /* MK61-Info.plist */,
				9558EF3F14DEBF80002D1E05 /* InfoPlist.strings */,
				9558EF4214DEBF80002D1E05 /* main.m */,
				9558EF4414DEBF80002D1E05 /* MK61-Prefix.pch */,
			);
			name = "Supporting Files";
			sourceTree = "<group>";
		};
		95BB185715D83ABD00A7FB71 /* Other Frameworks */ = {
			isa = PBXGroup;
			children = (
				95BB185815D83ABD00A7FB71 /* AppKit.framework */,
				95BB185915D83ABD00A7FB71 /* CoreData.framework */,
				95BB185A15D83ABD00A7FB71 /* Foundation.framework */,
			);
			name = "Other Frameworks";
			sourceTree = "<group>";
		};
/* End PBXGroup section */

/* Begin PBXNativeTarget section */
		9558EF3114DEBF80002D1E05 /* MK61 */ = {
			isa = PBXNativeTarget;
			buildConfigurationList = 9558EF5014DEBF80002D1E05 /* Build configuration list for PBXNativeTarget "MK61" */;
			buildPhases = (
				9558EF2E14DEBF80002D1E05 /* Sources */,
				9558EF2F14DEBF80002D1E05 /* Frameworks */,
				9558EF3014DEBF80002D1E05 /* Resources */,
			);
			buildRules = (
			);
			dependencies = (
			);
			name = MK61;
			productName = MK61;
			productReference = 9558EF3214DEBF80002D1E05 /* MK61.app */;
			productType = "com.apple.product-type.application";
		};
/* End PBXNativeTarget section */

/* Begin PBXProject section */
		9558EF2914DEBF7F002D1E05 /* Project object */ = {
			isa = PBXProject;
			attributes = {
				LastUpgradeCheck = 0450;
			};
			buildConfigurationList = 9558EF2C14DEBF7F002D1E05 /* Build configuration list for PBXProject "MK61" */;
			compatibilityVersion = "Xcode 3.2";
			developmentRegion = English;
			hasScannedForEncodings = 0;
			knownRegions = (
				en,
			);
			mainGroup = 9558EF2714DEBF7F002D1E05;
			productRefGroup = 9558EF3314DEBF80002D1E05 /* Products */;
			projectDirPath = "";
			projectRoot = "";
			targets = (
				9558EF3114DEBF80002D1E05 /* MK61 */,
			);
		};
/* End PBXProject section */

/* Begin PBXResourcesBuildPhase section */
		9558EF3014DEBF80002D1E05 /* Resources */ = {
			isa = PBXResourcesBuildPhase;
			buildActionMask = 2147483647;
			files = (
				9558EF4114DEBF80002D1E05 /* InfoPlist.strings in Resources */,
				9558EF4A14DEBF80002D1E05 /* MainStoryboard.storyboard in Resources */,
				951E473515E69FD800A93798 /* MK61x57x57.png in Resources */,
				951E473715E69FE600A93798 /* MK61x114x114.png in Resources */,
			);
			runOnlyForDeploymentPostprocessing = 0;
		};
/* End PBXResourcesBuildPhase section */

/* Begin PBXSourcesBuildPhase section */
		9558EF2E14DEBF80002D1E05 /* Sources */ = {
			isa = PBXSourcesBuildPhase;
			buildActionMask = 2147483647;
			files = (
				9558EF4314DEBF80002D1E05 /* main.m in Sources */,
				9558EF4714DEBF80002D1E05 /* MK61AppDelegate.m in Sources */,
				9558EF4D14DEBF80002D1E05 /* MK61ViewController.m in Sources */,
				95BB188815D83C5B00A7FB71 /* Mk61Brain.m in Sources */,
				958897A515E28EA4006A5000 /* MK61StackItem.m in Sources */,
			);
			runOnlyForDeploymentPostprocessing = 0;
		};
/* End PBXSourcesBuildPhase section */

/* Begin PBXVariantGroup section */
		9558EF3F14DEBF80002D1E05 /* InfoPlist.strings */ = {
			isa = PBXVariantGroup;
			children = (
				9558EF4014DEBF80002D1E05 /* en */,
			);
			name = InfoPlist.strings;
			sourceTree = "<group>";
		};
		9558EF4814DEBF80002D1E05 /* MainStoryboard.storyboard */ = {
			isa = PBXVariantGroup;
			children = (
				9558EF4914DEBF80002D1E05 /* en */,
			);
			name = MainStoryboard.storyboard;
			sourceTree = "<group>";
		};
/* End PBXVariantGroup section */

/* Begin XCBuildConfiguration section */
		9558EF4E14DEBF80002D1E05 /* Debug */ = {
			isa = XCBuildConfiguration;
			buildSettings = {
				ALWAYS_SEARCH_USER_PATHS = NO;
				ARCHS = "$(ARCHS_STANDARD_32_BIT)";
				CLANG_ENABLE_OBJC_ARC = YES;
				"CODE_SIGN_IDENTITY[sdk=iphoneos*]" = "iPhone Developer";
				COPY_PHASE_STRIP = NO;
				GCC_C_LANGUAGE_STANDARD = gnu99;
				GCC_DYNAMIC_NO_PIC = NO;
				GCC_OPTIMIZATION_LEVEL = 0;
				GCC_PREPROCESSOR_DEFINITIONS = (
					"DEBUG=1",
					"$(inherited)",
				);
				GCC_SYMBOLS_PRIVATE_EXTERN = NO;
				GCC_VERSION = com.apple.compilers.llvm.clang.1_0;
				GCC_WARN_ABOUT_MISSING_PROTOTYPES = YES;
				GCC_WARN_ABOUT_RETURN_TYPE = YES;
				GCC_WARN_UNUSED_VARIABLE = YES;
				IPHONEOS_DEPLOYMENT_TARGET = 5.0;
				SDKROOT = iphoneos;
			};
			name = Debug;
		};
		9558EF4F14DEBF80002D1E05 /* Release */ = {
			isa = XCBuildConfiguration;
			buildSettings = {
				ALWAYS_SEARCH_USER_PATHS = NO;
				ARCHS = "$(ARCHS_STANDARD_32_BIT)";
				CLANG_ENABLE_OBJC_ARC = YES;
				"CODE_SIGN_IDENTITY[sdk=iphoneos*]" = "iPhone Developer";
				COPY_PHASE_STRIP = YES;
				GCC_C_LANGUAGE_STANDARD = gnu99;
				GCC_VERSION = com.apple.compilers.llvm.clang.1_0;
				GCC_WARN_ABOUT_MISSING_PROTOTYPES = YES;
				GCC_WARN_ABOUT_RETURN_TYPE = YES;
				GCC_WARN_UNUSED_VARIABLE = YES;
				IPHONEOS_DEPLOYMENT_TARGET = 5.0;
				OTHER_CFLAGS = "-DNS_BLOCK_ASSERTIONS=1";
				SDKROOT = iphoneos;
				VALIDATE_PRODUCT = YES;
			};
			name = Release;
		};
		9558EF5114DEBF80002D1E05 /* Debug */ = {
			isa = XCBuildConfiguration;
			buildSettings = {
				CODE_SIGN_ENTITLEMENTS = MK61/MK61.entitlements;
				GCC_PRECOMPILE_PREFIX_HEADER = YES;
				GCC_PREFIX_HEADER = "MK61/MK61-Prefix.pch";
				INFOPLIST_FILE = "MK61/MK61-Info.plist";
				IPHONEOS_DEPLOYMENT_TARGET = 5.0;
				PRODUCT_NAME = "$(TARGET_NAME)";
				WRAPPER_EXTENSION = app;
			};
			name = Debug;
		};
		9558EF5214DEBF80002D1E05 /* Release */ = {
			isa = XCBuildConfiguration;
			buildSettings = {
				CODE_SIGN_ENTITLEMENTS = MK61/MK61.entitlements;
				GCC_PRECOMPILE_PREFIX_HEADER = YES;
				GCC_PREFIX_HEADER = "MK61/MK61-Prefix.pch";
				INFOPLIST_FILE = "MK61/MK61-Info.plist";
				IPHONEOS_DEPLOYMENT_TARGET = 5.0;
				PRODUCT_NAME = "$(TARGET_NAME)";
				WRAPPER_EXTENSION = app;
			};
			name = Release;
		};
/* End XCBuildConfiguration section */

/* Begin XCConfigurationList section */
		9558EF2C14DEBF7F002D1E05 /* Build configuration list for PBXProject "MK61" */ = {
			isa = XCConfigurationList;
			buildConfigurations = (
				9558EF4E14DEBF80002D1E05 /* Debug */,
				9558EF4F14DEBF80002D1E05 /* Release */,
			);
			defaultConfigurationIsVisible = 0;
			defaultConfigurationName = Release;
		};
		9558EF5014DEBF80002D1E05 /* Build configuration list for PBXNativeTarget "MK61" */ = {
			isa = XCConfigurationList;
			buildConfigurations = (
				9558EF5114DEBF80002D1E05 /* Debug */,
				9558EF5214DEBF80002D1E05 /* Release */,
			);
			defaultConfigurationIsVisible = 0;
			defaultConfigurationName = Release;
		};
/* End XCConfigurationList section */
	};
	rootObject = 9558EF2914DEBF7F002D1E05 /* Project object */;
}
